# This file is automatically @generated by Cargo.
# It is not intended for manual editing.
[[package]]
name = "anyhow"
version = "1.0.26"
source = "registry+https://github.com/rust-lang/crates.io-index"

[[package]]
name = "challenges"
version = "0.1.0"
dependencies = [
 "cryptanalysis 0.1.0",
 "encoding 0.1.0",
 "xor 0.1.0",
]

[[package]]
name = "cryptanalysis"
version = "0.1.0"
dependencies = [
 "encoding 0.1.0",
 "xor 0.1.0",
]

[[package]]
name = "encoding"
version = "0.1.0"
dependencies = [
 "anyhow 1.0.26 (registry+https://github.com/rust-lang/crates.io-index)",
]

[[package]]
name = "xor"
version = "0.1.0"
dependencies = [
 "anyhow 1.0.26 (registry+https://github.com/rust-lang/crates.io-index)",
 "encoding 0.1.0",
]

[metadata]
"checksum anyhow 1.0.26 (registry+https://github.com/rust-lang/crates.io-index)" = "7825f6833612eb2414095684fcf6c635becf3ce97fe48cf6421321e93bfbd53c"
